<?xml version="1.0" encoding="utf-8"?>
<Project ToolsVersion="4.0" xmlns="http://schemas.microsoft.com/developer/msbuild/2003">
  <ItemGroup>
    <Filter Include="Source Files">
      <UniqueIdentifier>{8a0a9dd4-93ea-4951-8e4f-b6e945c3a33a}</UniqueIdentifier>
      <Extensions>cpp;c;cxx;rc;def;r;odl;idl;hpj;bat</Extensions>
    </Filter>
    <Filter Include="Header Files">
      <UniqueIdentifier>{248ce582-9caa-4631-9462-e5b74ab3ceaa}</UniqueIdentifier>
      <Extensions>h;hpp;hxx;hm;inl</Extensions>
    </Filter>
    <Filter Include="Resource Files">
      <UniqueIdentifier>{660b95a4-29d8-49d7-892f-292b0224174d}</UniqueIdentifier>
      <Extensions>ico;cur;bmp;dlg;rc2;rct;bin;rgs;gif;jpg;jpeg;jpe</Extensions>
    </Filter>
    <Filter Include="extras">
      <UniqueIdentifier>{55815597-0dce-4a09-87b5-8620f0ea7ce7}</UniqueIdentifier>
      <Extensions>cpp;h</Extensions>
    </Filter>
    <Filter Include="wtl">
      <UniqueIdentifier>{6fe4356a-8a26-4ccc-a5a4-242402d93ff1}</UniqueIdentifier>
      <Extensions>cpp;h</Extensions>
    </Filter>
    <Filter Include="Resources">
      <UniqueIdentifier>{898a484f-751f-497e-adef-0a8e57c4f2bf}</UniqueIdentifier>
    </Filter>
  </ItemGroup>
  <ItemGroup>
    <ClCompile Include="apputils.cpp">
      <Filter>Source Files</Filter>
    </ClCompile>
    <ClCompile Include="ExternalHelper.cpp">
      <Filter>Source Files</Filter>
    </ClCompile>
    <ClCompile Include="FBDoc.cpp">
      <Filter>Source Files</Filter>
    </ClCompile>
    <ClCompile Include="FBE.cpp">
      <Filter>Source Files</Filter>
    </ClCompile>
    <ClCompile Include="FBEview.cpp">
      <Filter>Source Files</Filter>
    </ClCompile>
    <ClCompile Include="mainfrm.cpp">
      <Filter>Source Files</Filter>
    </ClCompile>
    <ClCompile Include="OptDlg.cpp">
      <Filter>Source Files</Filter>
    </ClCompile>
    <ClCompile Include="script.cpp">
      <Filter>Source Files</Filter>
    </ClCompile>
    <ClCompile Include="stdafx.cpp">
      <Filter>Source Files</Filter>
    </ClCompile>
    <ClCompile Include="TreeView.cpp">
      <Filter>Source Files</Filter>
    </ClCompile>
    <ClCompile Include="utils\Utils.cpp">
      <Filter>Source Files</Filter>
    </ClCompile>
    <ClCompile Include="Words.cpp">
      <Filter>Source Files</Filter>
    </ClCompile>
    <ClCompile Include="extras\ColorButton.cpp">
      <Filter>extras</Filter>
    </ClCompile>
  </ItemGroup>
  <ItemGroup>
    <Midl Include="fbe.idl">
      <Filter>Source Files</Filter>
    </Midl>
  </ItemGroup>
  <ItemGroup>
    <ClInclude Include="apputils.h">
      <Filter>Header Files</Filter>
    </ClInclude>
    <ClInclude Include="ContainerWnd.h">
      <Filter>Header Files</Filter>
    </ClInclude>
    <ClInclude Include="ExternalHelper.h">
      <Filter>Header Files</Filter>
    </ClInclude>
    <ClInclude Include="FBDoc.h">
      <Filter>Header Files</Filter>
    </ClInclude>
    <ClInclude Include="FBEview.h">
      <Filter>Header Files</Filter>
    </ClInclude>
    <ClInclude Include="mainfrm.h">
      <Filter>Header Files</Filter>
    </ClInclude>
    <ClInclude Include="MemProtocol.h">
      <Filter>Header Files</Filter>
    </ClInclude>
    <ClInclude Include="OptDlg.h">
      <Filter>Header Files</Filter>
    </ClInclude>
    <ClInclude Include="resource.h">
      <Filter>Header Files</Filter>
    </ClInclude>
    <ClInclude Include="SearchReplace.h">
      <Filter>Header Files</Filter>
    </ClInclude>
    <ClInclude Include="stdafx.h">
      <Filter>Header Files</Filter>
    </ClInclude>
    <ClInclude Include="TreeView.h">
      <Filter>Header Files</Filter>
    </ClInclude>
    <ClInclude Include="utils\utils.h">
      <Filter>Header Files</Filter>
    </ClInclude>
    <ClInclude Include="Words.h">
      <Filter>Header Files</Filter>
    </ClInclude>
    <ClInclude Include="extras\atlgdix.h">
      <Filter>extras</Filter>
    </ClInclude>
    <ClInclude Include="extras\ColorButton.h">
      <Filter>extras</Filter>
    </ClInclude>
    <ClInclude Include="wtl\atlapp.h">
      <Filter>wtl</Filter>
    </ClInclude>
    <ClInclude Include="wtl\atlcrack.h">
      <Filter>wtl</Filter>
    </ClInclude>
    <ClInclude Include="wtl\atlctrls.h">
      <Filter>wtl</Filter>
    </ClInclude>
    <ClInclude Include="wtl\atlctrlw.h">
      <Filter>wtl</Filter>
    </ClInclude>
    <ClInclude Include="wtl\atlctrlx.h">
      <Filter>wtl</Filter>
    </ClInclude>
    <ClInclude Include="wtl\atlddx.h">
      <Filter>wtl</Filter>
    </ClInclude>
    <ClInclude Include="wtl\atldlgs.h">
      <Filter>wtl</Filter>
    </ClInclude>
    <ClInclude Include="wtl\atlframe.h">
      <Filter>wtl</Filter>
    </ClInclude>
    <ClInclude Include="wtl\atlgdi.h">
      <Filter>wtl</Filter>
    </ClInclude>
    <ClInclude Include="wtl\atlmisc.h">
      <Filter>wtl</Filter>
    </ClInclude>
    <ClInclude Include="wtl\atlprint.h">
      <Filter>wtl</Filter>
    </ClInclude>
    <ClInclude Include="wtl\atlres.h">
      <Filter>wtl</Filter>
    </ClInclude>
    <ClInclude Include="wtl\atlscrl.h">
      <Filter>wtl</Filter>
    </ClInclude>
    <ClInclude Include="wtl\atlsplit.h">
      <Filter>wtl</Filter>
    </ClInclude>
    <ClInclude Include="wtl\atltheme.h">
      <Filter>wtl</Filter>
    </ClInclude>
    <ClInclude Include="wtl\atluser.h">
      <Filter>wtl</Filter>
    </ClInclude>
  </ItemGroup>
  <ItemGroup>
    <Image Include="res\ExtraIcons.bmp">
      <Filter>Resource Files</Filter>
    </Image>
    <Image Include="res\FBE.ico">
      <Filter>Resource Files</Filter>
    </Image>
    <Image Include="res\struct.bmp">
      <Filter>Resource Files</Filter>
    </Image>
    <Image Include="res\toolbar.bmp">
      <Filter>Resource Files</Filter>
    </Image>
    <Image Include="res\wordstat.bmp">
      <Filter>Resource Files</Filter>
    </Image>
  </ItemGroup>
  <ItemGroup>
    <Manifest Include="res\FBE.exe.manifest">
      <Filter>Resource Files</Filter>
    </Manifest>
  </ItemGroup>
  <ItemGroup>
    <ResourceCompile Include="FBE.rc">
      <Filter>Resource Files</Filter>
    </ResourceCompile>
  </ItemGroup>
  <ItemGroup>
    <None Include="body.js">
      <Filter>Resources</Filter>
    </None>
    <None Include="desc.js">
      <Filter>Resources</Filter>
    </None>
  </ItemGroup>
  <ItemGroup>
    <Xml Include="body.xsl">
      <Filter>Resources</Filter>
    </Xml>
    <Xml Include="description.xsl">
      <Filter>Resources</Filter>
    </Xml>
  </ItemGroup>
</Project>